Microsoft Visual Studio Solution File, Format Version 12.00
# Visual Studio Version 16
VisualStudioVersion = 16.0.0.0
MinimumVisualStudioVersion = 16.0.0.0
Project("{9A19103F-16F7-4668-BE54-9A1E7A4F7556}") = "BlazorApp3", "BlazorApp3\BlazorApp3.csproj", "{BF086311-26E9-4DFD-AD08-3E5E217FF83E}"
EndProject
Project("{9A19103F-16F7-4668-BE54-9A1E7A4F7556}") = "BlazorApp3.Client", "BlazorApp3.Client\BlazorApp3.Client.csproj", "{31034B65-33AB-4D8D-B089-A9CEA41FE0E6}"
EndProject
Global
	GlobalSection(SolutionConfigurationPlatforms) = preSolution
		Debug|Any CPU = Debug|Any CPU
		Debug|x64 = Debug|x64
		Debug|x86 = Debug|x86
		Release|Any CPU = Release|Any CPU
		Release|x64 = Release|x64
		Release|x86 = Release|x86
	EndGlobalSection
	GlobalSection(ProjectConfigurationPlatforms) = postSolution
		{31034B65-33AB-4D8D-B089-A9CEA41FE0E6}.Debug|Any CPU.ActiveCfg = Debug|Any CPU
		{31034B65-33AB-4D8D-B089-A9CEA41FE0E6}.Debug|Any CPU.Build.0 = Debug|Any CPU
		{31034B65-33AB-4D8D-B089-A9CEA41FE0E6}.Debug|x64.ActiveCfg = Debug|Any CPU
		{31034B65-33AB-4D8D-B089-A9CEA41FE0E6}.Debug|x64.Build.0 = Debug|Any CPU
		{31034B65-33AB-4D8D-B089-A9CEA41FE0E6}.Debug|x86.ActiveCfg = Debug|Any CPU
		{31034B65-33AB-4D8D-B089-A9CEA41FE0E6}.Debug|x86.Build.0 = Debug|Any CPU
		{31034B65-33AB-4D8D-B089-A9CEA41FE0E6}.Release|Any CPU.ActiveCfg = Release|Any CPU
		{31034B65-33AB-4D8D-B089-A9CEA41FE0E6}.Release|Any CPU.Build.0 = Release|Any CPU
		{31034B65-33AB-4D8D-B089-A9CEA41FE0E6}.Release|x64.ActiveCfg = Release|Any CPU
		{31034B65-33AB-4D8D-B089-A9CEA41FE0E6}.Release|x64.Build.0 = Release|Any CPU
		{31034B65-33AB-4D8D-B089-A9CEA41FE0E6}.Release|x86.ActiveCfg = Release|Any CPU
		{31034B65-33AB-4D8D-B089-A9CEA41FE0E6}.Release|x86.Build.0 = Release|Any CPU
		{BF086311-26E9-4DFD-AD08-3E5E217FF83E}.Debug|Any CPU.ActiveCfg = Debug|Any CPU
		{BF086311-26E9-4DFD-AD08-3E5E217FF83E}.Debug|Any CPU.Build.0 = Debug|Any CPU
		{BF086311-26E9-4DFD-AD08-3E5E217FF83E}.Debug|x64.ActiveCfg = Debug|Any CPU
		{BF086311-26E9-4DFD-AD08-3E5E217FF83E}.Debug|x64.Build.0 = Debug|Any CPU
		{BF086311-26E9-4DFD-AD08-3E5E217FF83E}.Debug|x86.ActiveCfg = Debug|Any CPU
		{BF086311-26E9-4DFD-AD08-3E5E217FF83E}.Debug|x86.Build.0 = Debug|Any CPU
		{BF086311-26E9-4DFD-AD08-3E5E217FF83E}.Release|Any CPU.ActiveCfg = Release|Any CPU
		{BF086311-26E9-4DFD-AD08-3E5E217FF83E}.Release|Any CPU.Build.0 = Release|Any CPU
		{BF086311-26E9-4DFD-AD08-3E5E217FF83E}.Release|x64.ActiveCfg = Release|Any CPU
		{BF086311-26E9-4DFD-AD08-3E5E217FF83E}.Release|x64.Build.0 = Release|Any CPU
		{BF086311-26E9-4DFD-AD08-3E5E217FF83E}.Release|x86.ActiveCfg = Release|Any CPU
		{BF086311-26E9-4DFD-AD08-3E5E217FF83E}.Release|x86.Build.0 = Release|Any CPU
	EndGlobalSection
	GlobalSection(SolutionProperties) = preSolution
		HideSolutionNode = FALSE
	EndGlobalSection
	GlobalSection(ExtensibilityGlobals) = postSolution
		SolutionGuid = {AC370A74-8C4E-4EB7-9DCC-59FD8C329381}
	EndGlobalSection
EndGlobal
